Microsoft Visual Studio Solution File, Format Version 12.00
# Visual Studio Version 17
VisualStudioVersion = 17.5.2.0
MinimumVisualStudioVersion = 10.0.40219.1
Project("{FAE04EC0-301F-11D3-BF4B-00C04F79EFBC}") = "StopSpawnNTFAndCI", "StopSpawnNTFAndCI\StopSpawnNTFAndCI.csproj", "{533BAC0A-2E7E-4822-9769-422BED096C6B}"
EndProject
Global
	GlobalSection(SolutionConfigurationPlatforms) = preSolution
		Debug|Any CPU = Debug|Any CPU
		Release|Any CPU = Release|Any CPU
	EndGlobalSection
	GlobalSection(ProjectConfigurationPlatforms) = postSolution
		{7F7EA9DB-6B02-7710-6C6E-40C720988C40}.Debug|Any CPU.ActiveCfg = Debug|Any CPU
		{7F7EA9DB-6B02-7710-6C6E-40C720988C40}.Debug|Any CPU.Build.0 = Debug|Any CPU
		{7F7EA9DB-6B02-7710-6C6E-40C720988C40}.Release|Any CPU.ActiveCfg = Release|Any CPU
		{7F7EA9DB-6B02-7710-6C6E-40C720988C40}.Release|Any CPU.Build.0 = Release|Any CPU
		{80407105-0C98-42C6-A0E4-644080D99BDD}.Debug|Any CPU.ActiveCfg = Debug|Any CPU
		{80407105-0C98-42C6-A0E4-644080D99BDD}.Debug|Any CPU.Build.0 = Debug|Any CPU
		{80407105-0C98-42C6-A0E4-644080D99BDD}.Release|Any CPU.ActiveCfg = Release|Any CPU
		{80407105-0C98-42C6-A0E4-644080D99BDD}.Release|Any CPU.Build.0 = Release|Any CPU
		{DB117170-337D-4AAD-93C5-766671BF7D82}.Debug|Any CPU.ActiveCfg = Debug|Any CPU
		{DB117170-337D-4AAD-93C5-766671BF7D82}.Debug|Any CPU.Build.0 = Debug|Any CPU
		{DB117170-337D-4AAD-93C5-766671BF7D82}.Release|Any CPU.ActiveCfg = Release|Any CPU
		{DB117170-337D-4AAD-93C5-766671BF7D82}.Release|Any CPU.Build.0 = Release|Any CPU
		{C8246D9D-FD74-473C-8219-E1281883F65D}.Debug|Any CPU.ActiveCfg = Debug|Any CPU
		{C8246D9D-FD74-473C-8219-E1281883F65D}.Debug|Any CPU.Build.0 = Debug|Any CPU
		{C8246D9D-FD74-473C-8219-E1281883F65D}.Release|Any CPU.ActiveCfg = Release|Any CPU
		{C8246D9D-FD74-473C-8219-E1281883F65D}.Release|Any CPU.Build.0 = Release|Any CPU
		{DCA2926B-2C42-47CA-ABFB-BF8FC86F8866}.Debug|Any CPU.ActiveCfg = Debug|Any CPU
		{DCA2926B-2C42-47CA-ABFB-BF8FC86F8866}.Debug|Any CPU.Build.0 = Debug|Any CPU
		{DCA2926B-2C42-47CA-ABFB-BF8FC86F8866}.Release|Any CPU.ActiveCfg = Release|Any CPU
		{DCA2926B-2C42-47CA-ABFB-BF8FC86F8866}.Release|Any CPU.Build.0 = Release|Any CPU
		{30B74A27-2FFB-4E08-B3DC-EA6FF328467A}.Debug|Any CPU.ActiveCfg = Debug|Any CPU
		{30B74A27-2FFB-4E08-B3DC-EA6FF328467A}.Debug|Any CPU.Build.0 = Debug|Any CPU
		{30B74A27-2FFB-4E08-B3DC-EA6FF328467A}.Release|Any CPU.ActiveCfg = Release|Any CPU
		{30B74A27-2FFB-4E08-B3DC-EA6FF328467A}.Release|Any CPU.Build.0 = Release|Any CPU
		{3DE94765-88DA-4D62-9135-658000E38464}.Debug|Any CPU.ActiveCfg = Debug|Any CPU
		{3DE94765-88DA-4D62-9135-658000E38464}.Debug|Any CPU.Build.0 = Debug|Any CPU
		{3DE94765-88DA-4D62-9135-658000E38464}.Release|Any CPU.ActiveCfg = Release|Any CPU
		{3DE94765-88DA-4D62-9135-658000E38464}.Release|Any CPU.Build.0 = Release|Any CPU
		{47C9A1C3-070C-48AF-B406-DDBA3A2FF955}.Debug|Any CPU.ActiveCfg = Debug|Any CPU
		{47C9A1C3-070C-48AF-B406-DDBA3A2FF955}.Debug|Any CPU.Build.0 = Debug|Any CPU
		{47C9A1C3-070C-48AF-B406-DDBA3A2FF955}.Release|Any CPU.ActiveCfg = Release|Any CPU
		{47C9A1C3-070C-48AF-B406-DDBA3A2FF955}.Release|Any CPU.Build.0 = Release|Any CPU
		{D39ED9CB-C063-43DB-B10A-FD4BE06B65FF}.Debug|Any CPU.ActiveCfg = Debug|Any CPU
		{D39ED9CB-C063-43DB-B10A-FD4BE06B65FF}.Debug|Any CPU.Build.0 = Debug|Any CPU
		{D39ED9CB-C063-43DB-B10A-FD4BE06B65FF}.Release|Any CPU.ActiveCfg = Release|Any CPU
		{D39ED9CB-C063-43DB-B10A-FD4BE06B65FF}.Release|Any CPU.Build.0 = Release|Any CPU
		{E49C10F0-8A10-44F9-BE7B-FCA5B718CBC2}.Debug|Any CPU.ActiveCfg = Debug|Any CPU
		{E49C10F0-8A10-44F9-BE7B-FCA5B718CBC2}.Debug|Any CPU.Build.0 = Debug|Any CPU
		{E49C10F0-8A10-44F9-BE7B-FCA5B718CBC2}.Release|Any CPU.ActiveCfg = Release|Any CPU
		{E49C10F0-8A10-44F9-BE7B-FCA5B718CBC2}.Release|Any CPU.Build.0 = Release|Any CPU
		{7558B337-2D50-4F65-8BC6-1D9AFDD9E8DE}.Debug|Any CPU.ActiveCfg = Debug|Any CPU
		{7558B337-2D50-4F65-8BC6-1D9AFDD9E8DE}.Debug|Any CPU.Build.0 = Debug|Any CPU
		{7558B337-2D50-4F65-8BC6-1D9AFDD9E8DE}.Release|Any CPU.ActiveCfg = Release|Any CPU
		{7558B337-2D50-4F65-8BC6-1D9AFDD9E8DE}.Release|Any CPU.Build.0 = Release|Any CPU
		{589BB1A7-1A15-42F5-BA8C-6142ED8D6A88}.Debug|Any CPU.ActiveCfg = Debug|Any CPU
		{589BB1A7-1A15-42F5-BA8C-6142ED8D6A88}.Debug|Any CPU.Build.0 = Debug|Any CPU
		{589BB1A7-1A15-42F5-BA8C-6142ED8D6A88}.Release|Any CPU.ActiveCfg = Release|Any CPU
		{589BB1A7-1A15-42F5-BA8C-6142ED8D6A88}.Release|Any CPU.Build.0 = Release|Any CPU
		{3FA2B0FC-AF0D-4E1B-B7C2-4085E88CD3F7}.Debug|Any CPU.ActiveCfg = Debug|Any CPU
		{3FA2B0FC-AF0D-4E1B-B7C2-4085E88CD3F7}.Debug|Any CPU.Build.0 = Debug|Any CPU
		{3FA2B0FC-AF0D-4E1B-B7C2-4085E88CD3F7}.Release|Any CPU.ActiveCfg = Release|Any CPU
		{3FA2B0FC-AF0D-4E1B-B7C2-4085E88CD3F7}.Release|Any CPU.Build.0 = Release|Any CPU
		{436A5A4D-B006-48F5-954C-3E4EEEC74007}.Debug|Any CPU.ActiveCfg = Debug|Any CPU
		{436A5A4D-B006-48F5-954C-3E4EEEC74007}.Debug|Any CPU.Build.0 = Debug|Any CPU
		{436A5A4D-B006-48F5-954C-3E4EEEC74007}.Release|Any CPU.ActiveCfg = Release|Any CPU
		{436A5A4D-B006-48F5-954C-3E4EEEC74007}.Release|Any CPU.Build.0 = Release|Any CPU
		{FFB90243-22B8-4E5F-83D4-708F3A1A0DCE}.Debug|Any CPU.ActiveCfg = Debug|Any CPU
		{FFB90243-22B8-4E5F-83D4-708F3A1A0DCE}.Debug|Any CPU.Build.0 = Debug|Any CPU
		{FFB90243-22B8-4E5F-83D4-708F3A1A0DCE}.Release|Any CPU.ActiveCfg = Release|Any CPU
		{FFB90243-22B8-4E5F-83D4-708F3A1A0DCE}.Release|Any CPU.Build.0 = Release|Any CPU
		{C8E78C21-9188-4AF2-8E49-6034C125EC98}.Debug|Any CPU.ActiveCfg = Debug|Any CPU
		{C8E78C21-9188-4AF2-8E49-6034C125EC98}.Debug|Any CPU.Build.0 = Debug|Any CPU
		{C8E78C21-9188-4AF2-8E49-6034C125EC98}.Release|Any CPU.ActiveCfg = Release|Any CPU
		{C8E78C21-9188-4AF2-8E49-6034C125EC98}.Release|Any CPU.Build.0 = Release|Any CPU
		{7C5643B3-28AB-4291-A566-6D2F05EB3478}.Debug|Any CPU.ActiveCfg = Debug|Any CPU
		{7C5643B3-28AB-4291-A566-6D2F05EB3478}.Debug|Any CPU.Build.0 = Debug|Any CPU
		{7C5643B3-28AB-4291-A566-6D2F05EB3478}.Release|Any CPU.ActiveCfg = Release|Any CPU
		{7C5643B3-28AB-4291-A566-6D2F05EB3478}.Release|Any CPU.Build.0 = Release|Any CPU
		{BB3340C5-072F-41B5-8D5B-C2CC434C8E33}.Debug|Any CPU.ActiveCfg = Debug|Any CPU
		{BB3340C5-072F-41B5-8D5B-C2CC434C8E33}.Debug|Any CPU.Build.0 = Debug|Any CPU
		{BB3340C5-072F-41B5-8D5B-C2CC434C8E33}.Release|Any CPU.ActiveCfg = Release|Any CPU
		{BB3340C5-072F-41B5-8D5B-C2CC434C8E33}.Release|Any CPU.Build.0 = Release|Any CPU
		{52475FED-54ED-43E6-9D6C-2E6FF1786B02}.Debug|Any CPU.ActiveCfg = Debug|Any CPU
		{52475FED-54ED-43E6-9D6C-2E6FF1786B02}.Debug|Any CPU.Build.0 = Debug|Any CPU
		{52475FED-54ED-43E6-9D6C-2E6FF1786B02}.Release|Any CPU.ActiveCfg = Release|Any CPU
		{52475FED-54ED-43E6-9D6C-2E6FF1786B02}.Release|Any CPU.Build.0 = Release|Any CPU
		{DB7B9B33-0EA1-496E-9653-613062B169E8}.Debug|Any CPU.ActiveCfg = Debug|Any CPU
		{DB7B9B33-0EA1-496E-9653-613062B169E8}.Debug|Any CPU.Build.0 = Debug|Any CPU
		{DB7B9B33-0EA1-496E-9653-613062B169E8}.Release|Any CPU.ActiveCfg = Release|Any CPU
		{DB7B9B33-0EA1-496E-9653-613062B169E8}.Release|Any CPU.Build.0 = Release|Any CPU
		{61D3FDBE-6AF3-436F-8E60-E9D18E7A31C1}.Debug|Any CPU.ActiveCfg = Debug|Any CPU
		{61D3FDBE-6AF3-436F-8E60-E9D18E7A31C1}.Debug|Any CPU.Build.0 = Debug|Any CPU
		{61D3FDBE-6AF3-436F-8E60-E9D18E7A31C1}.Release|Any CPU.ActiveCfg = Release|Any CPU
		{61D3FDBE-6AF3-436F-8E60-E9D18E7A31C1}.Release|Any CPU.Build.0 = Release|Any CPU
		{533BAC0A-2E7E-4822-9769-422BED096C6B}.Debug|Any CPU.ActiveCfg = Debug|Any CPU
		{533BAC0A-2E7E-4822-9769-422BED096C6B}.Debug|Any CPU.Build.0 = Debug|Any CPU
		{533BAC0A-2E7E-4822-9769-422BED096C6B}.Release|Any CPU.ActiveCfg = Release|Any CPU
		{533BAC0A-2E7E-4822-9769-422BED096C6B}.Release|Any CPU.Build.0 = Release|Any CPU
	EndGlobalSection
	GlobalSection(SolutionProperties) = preSolution
		HideSolutionNode = FALSE
	EndGlobalSection
	GlobalSection(ExtensibilityGlobals) = postSolution
		SolutionGuid = {F870FBD9-B7FF-4E27-9586-4160A561BC72}
	EndGlobalSection
EndGlobal
